
Microsoft Visual Studio Solution File, Format Version 12.00
# Visual Studio Version 17
VisualStudioVersion = 17.5.002.0
MinimumVisualStudioVersion = 10.0.40219.1
Project("{9A19103F-16F7-4668-BE54-9A1E7A4F7556}") = "IfoodSocial.API", "IfoodSocial.API\IfoodSocial.API.csproj", "{248FE607-6F4D-4006-9538-71E9BDB02FC8}"
EndProject
Project("{9A19103F-16F7-4668-BE54-9A1E7A4F7556}") = "IfoodSocial.Core", "IfoodSocial.Core\IfoodSocial.Core.csproj", "{4D0DD2D9-669E-4339-B6CA-DD160944BF0E}"
EndProject
Project("{9A19103F-16F7-4668-BE54-9A1E7A4F7556}") = "IfoodSocial.Service", "IfoodSocial.Service\IfoodSocial.Service.csproj", "{7CA676B4-3467-4705-B2D7-284A475D3D02}"
EndProject
Global
	GlobalSection(SolutionConfigurationPlatforms) = preSolution
		Debug|Any CPU = Debug|Any CPU
		Release|Any CPU = Release|Any CPU
	EndGlobalSection
	GlobalSection(ProjectConfigurationPlatforms) = postSolution
		{248FE607-6F4D-4006-9538-71E9BDB02FC8}.Debug|Any CPU.ActiveCfg = Debug|Any CPU
		{248FE607-6F4D-4006-9538-71E9BDB02FC8}.Debug|Any CPU.Build.0 = Debug|Any CPU
		{248FE607-6F4D-4006-9538-71E9BDB02FC8}.Release|Any CPU.ActiveCfg = Release|Any CPU
		{248FE607-6F4D-4006-9538-71E9BDB02FC8}.Release|Any CPU.Build.0 = Release|Any CPU
		{4D0DD2D9-669E-4339-B6CA-DD160944BF0E}.Debug|Any CPU.ActiveCfg = Debug|Any CPU
		{4D0DD2D9-669E-4339-B6CA-DD160944BF0E}.Debug|Any CPU.Build.0 = Debug|Any CPU
		{4D0DD2D9-669E-4339-B6CA-DD160944BF0E}.Release|Any CPU.ActiveCfg = Release|Any CPU
		{4D0DD2D9-669E-4339-B6CA-DD160944BF0E}.Release|Any CPU.Build.0 = Release|Any CPU
		{7CA676B4-3467-4705-B2D7-284A475D3D02}.Debug|Any CPU.ActiveCfg = Debug|Any CPU
		{7CA676B4-3467-4705-B2D7-284A475D3D02}.Debug|Any CPU.Build.0 = Debug|Any CPU
		{7CA676B4-3467-4705-B2D7-284A475D3D02}.Release|Any CPU.ActiveCfg = Release|Any CPU
		{7CA676B4-3467-4705-B2D7-284A475D3D02}.Release|Any CPU.Build.0 = Release|Any CPU
	EndGlobalSection
	GlobalSection(SolutionProperties) = preSolution
		HideSolutionNode = FALSE
	EndGlobalSection
	GlobalSection(ExtensibilityGlobals) = postSolution
		SolutionGuid = {F8C126FC-7DFA-4BEC-A13F-8B849FD52C6D}
	EndGlobalSection
EndGlobal
